
Microsoft Visual Studio Solution File, Format Version 12.00
# Visual Studio Version 16
VisualStudioVersion = 16.0.31402.337
MinimumVisualStudioVersion = 10.0.40219.1
Project("{FAE04EC0-301F-11D3-BF4B-00C04F79EFBC}") = "MindBox", "MindBox\MindBox.csproj", "{9EA0E258-7F3B-48FF-8DD5-8DBD977BD866}"
EndProject
Project("{FAE04EC0-301F-11D3-BF4B-00C04F79EFBC}") = "MindBox.Tests", "MindBox.Tests\MindBox.Tests.csproj", "{9F08C503-380C-4B3B-94FD-086D82C2549E}"
EndProject
Global
	GlobalSection(SolutionConfigurationPlatforms) = preSolution
		Debug|Any CPU = Debug|Any CPU
		Release|Any CPU = Release|Any CPU
	EndGlobalSection
	GlobalSection(ProjectConfigurationPlatforms) = postSolution
		{9EA0E258-7F3B-48FF-8DD5-8DBD977BD866}.Debug|Any CPU.ActiveCfg = Debug|Any CPU
		{9EA0E258-7F3B-48FF-8DD5-8DBD977BD866}.Debug|Any CPU.Build.0 = Debug|Any CPU
		{9EA0E258-7F3B-48FF-8DD5-8DBD977BD866}.Release|Any CPU.ActiveCfg = Release|Any CPU
		{9EA0E258-7F3B-48FF-8DD5-8DBD977BD866}.Release|Any CPU.Build.0 = Release|Any CPU
		{9F08C503-380C-4B3B-94FD-086D82C2549E}.Debug|Any CPU.ActiveCfg = Debug|Any CPU
		{9F08C503-380C-4B3B-94FD-086D82C2549E}.Debug|Any CPU.Build.0 = Debug|Any CPU
		{9F08C503-380C-4B3B-94FD-086D82C2549E}.Release|Any CPU.ActiveCfg = Release|Any CPU
		{9F08C503-380C-4B3B-94FD-086D82C2549E}.Release|Any CPU.Build.0 = Release|Any CPU
	EndGlobalSection
	GlobalSection(SolutionProperties) = preSolution
		HideSolutionNode = FALSE
	EndGlobalSection
	GlobalSection(ExtensibilityGlobals) = postSolution
		SolutionGuid = {0A97F71F-83AB-44E2-A3FD-6BE986B2444E}
	EndGlobalSection
EndGlobal
